# THIS IS AN AUTOGENERATED FILE. DO NOT EDIT THIS FILE DIRECTLY.
# yarn lockfile v1


"@types/clean-css@^4.2.1":
  version "4.2.1"
  resolved "https://registry.npm.taobao.org/@types/clean-css/download/@types/clean-css-4.2.1.tgz#cb0134241ec5e6ede1b5344bc829668fd9871a8d"
  integrity sha1-ywE0JB7F5u3htTRLyClmj9mHGo0=
  dependencies:
    "@types/node" "*"

"@types/node@*", "@types/node@^12.7.8":
  version "12.12.6"
  resolved "https://registry.npm.taobao.org/@types/node/download/@types/node-12.12.6.tgz#a47240c10d86a9a57bb0c633f0b2e0aea9ce9253"
  integrity sha1-pHJAwQ2GqaV7sMYz8LLgrqnOklM=

"@types/uglify-js@^3.0.4":
  version "3.0.4"
  resolved "https://registry.npm.taobao.org/@types/uglify-js/download/@types/uglify-js-3.0.4.tgz#96beae23df6f561862a830b4288a49e86baac082"
  integrity sha1-lr6uI99vVhhiqDC0KIpJ6GuqwII=
  dependencies:
    source-map "^0.6.1"

arg@^4.1.0:
  version "4.1.1"
  resolved "https://registry.npm.taobao.org/arg/download/arg-4.1.1.tgz#485f8e7c390ce4c5f78257dbea80d4be11feda4c"
  integrity sha1-SF+OfDkM5MX3glfb6oDUvhH+2kw=

buffer-from@^1.0.0:
  version "1.1.1"
  resolved "https://registry.npm.taobao.org/buffer-from/download/buffer-from-1.1.1.tgz#32713bc028f75c02fdb710d7c7bcec1f2c6070ef"
  integrity sha1-MnE7wCj3XAL9txDXx7zsHyxgcO8=

clean-css@^4.2.1:
  version "4.2.1"
  resolved "https://registry.npm.taobao.org/clean-css/download/clean-css-4.2.1.tgz#2d411ef76b8569b6d0c84068dabe85b0aa5e5c17"
  integrity sha1-LUEe92uFabbQyEBo2r6FsKpeXBc=
  dependencies:
    source-map "~0.6.0"

commander@~2.20.3:
  version "2.20.3"
  resolved "https://registry.npm.taobao.org/commander/download/commander-2.20.3.tgz?cache=0&sync_timestamp=1572603184853&other_urls=https%3A%2F%2Fregistry.npm.taobao.org%2Fcommander%2Fdownload%2Fcommander-2.20.3.tgz#fd485e84c03eb4881c20722ba48035e8531aeb33"
  integrity sha1-/UhehMA+tIgcIHIrpIA16FMa6zM=

diff@^4.0.1:
  version "4.0.1"
  resolved "https://registry.npm.taobao.org/diff/download/diff-4.0.1.tgz#0c667cb467ebbb5cea7f14f135cc2dba7780a8ff"
  integrity sha1-DGZ8tGfru1zqfxTxNcwtuneAqP8=

make-error@^1.1.1:
  version "1.3.5"
  resolved "https://registry.npm.taobao.org/make-error/download/make-error-1.3.5.tgz#efe4e81f6db28cadd605c70f29c831b58ef776c8"
  integrity sha1-7+ToH22yjK3WBccPKcgxtY73dsg=

"promise-nodeify@>= 0.1":
  version "3.0.1"
  resolved "https://registry.npm.taobao.org/promise-nodeify/download/promise-nodeify-3.0.1.tgz#f0f5d9720ee9ec71dd2bfa92667be504c10229c2"
  integrity sha1-8PXZcg7p7HHdK/qSZnvlBMECKcI=

"proxying-agent@>= 2.1":
  version "2.4.0"
  resolved "https://registry.npm.taobao.org/proxying-agent/download/proxying-agent-2.4.0.tgz#6796549fc46bf3423554440f64a4449220f9014d"
  integrity sha1-Z5ZUn8Rr80I1VEQPZKREkiD5AU0=

source-map-support@^0.5.6:
  version "0.5.16"
  resolved "https://registry.npm.taobao.org/source-map-support/download/source-map-support-0.5.16.tgz?cache=0&sync_timestamp=1572389965235&other_urls=https%3A%2F%2Fregistry.npm.taobao.org%2Fsource-map-support%2Fdownload%2Fsource-map-support-0.5.16.tgz#0ae069e7fe3ba7538c64c98515e35339eac5a042"
  integrity sha1-CuBp5/47p1OMZMmFFeNTOerFoEI=
  dependencies:
    buffer-from "^1.0.0"
    source-map "^0.6.0"

source-map@^0.6.0, source-map@^0.6.1, source-map@~0.6.0, source-map@~0.6.1:
  version "0.6.1"
  resolved "https://registry.npm.taobao.org/source-map/download/source-map-0.6.1.tgz#74722af32e9614e9c287a8d0bbde48b5e2f1a263"
  integrity sha1-dHIq8y6WFOnCh6jQu95IteLxomM=

tinify@^1.6.0-beta.2:
  version "1.6.0-beta.2"
  resolved "https://registry.npm.taobao.org/tinify/download/tinify-1.6.0-beta.2.tgz#5985ca021d11685d846c53ac8465dce78116adfe"
  integrity sha1-WYXKAh0RaF2EbFOshGXc54EWrf4=
  dependencies:
    promise-nodeify ">= 0.1"
    proxying-agent ">= 2.1"

ts-node@^8.4.1:
  version "8.4.1"
  resolved "https://registry.npm.taobao.org/ts-node/download/ts-node-8.4.1.tgz#270b0dba16e8723c9fa4f9b4775d3810fd994b4f"
  integrity sha1-JwsNuhbocjyfpPm0d104EP2ZS08=
  dependencies:
    arg "^4.1.0"
    diff "^4.0.1"
    make-error "^1.1.1"
    source-map-support "^0.5.6"
    yn "^3.0.0"

typescript@^3.6.3:
  version "3.7.2"
  resolved "https://registry.npm.taobao.org/typescript/download/typescript-3.7.2.tgz#27e489b95fa5909445e9fef5ee48d81697ad18fb"
  integrity sha1-J+SJuV+lkJRF6f717kjYFpetGPs=

uglify-js@^3.6.0:
  version "3.6.8"
  resolved "https://registry.npm.taobao.org/uglify-js/download/uglify-js-3.6.8.tgz?cache=0&sync_timestamp=1573031973324&other_urls=https%3A%2F%2Fregistry.npm.taobao.org%2Fuglify-js%2Fdownload%2Fuglify-js-3.6.8.tgz#5edcbcf9d49cbb0403dc49f856fe81530d65145e"
  integrity sha1-Xty8+dScuwQD3En4Vv6BUw1lFF4=
  dependencies:
    commander "~2.20.3"
    source-map "~0.6.1"

yn@^3.0.0:
  version "3.1.1"
  resolved "https://registry.npm.taobao.org/yn/download/yn-3.1.1.tgz#1e87401a09d767c1d5eab26a6e4c185182d2eb50"
  integrity sha1-HodAGgnXZ8HV6rJqbkwYUYLS61A=
